
Microsoft Visual Studio Solution File, Format Version 12.00
# Visual Studio Version 16
VisualStudioVersion = 16.0.29418.71
MinimumVisualStudioVersion = 10.0.40219.1
Project("{FAE04EC0-301F-11D3-BF4B-00C04F79EFBC}") = "ItemsEdition", "ItemsEdition\ItemsEdition.csproj", "{35342424-AE5A-4F75-B3D3-712A7FA2D594}"
EndProject
Project("{FAE04EC0-301F-11D3-BF4B-00C04F79EFBC}") = "EF", "EF\EF.csproj", "{48078A6D-1D84-419D-B8FD-697506816935}"
EndProject
Project("{FAE04EC0-301F-11D3-BF4B-00C04F79EFBC}") = "Domain", "Domain\Domain.csproj", "{B53C64E4-7E8D-4A72-8A5E-3C990E4B2E2B}"
EndProject
Global
	GlobalSection(SolutionConfigurationPlatforms) = preSolution
		Debug|Any CPU = Debug|Any CPU
		Release|Any CPU = Release|Any CPU
	EndGlobalSection
	GlobalSection(ProjectConfigurationPlatforms) = postSolution
		{35342424-AE5A-4F75-B3D3-712A7FA2D594}.Debug|Any CPU.ActiveCfg = Debug|Any CPU
		{35342424-AE5A-4F75-B3D3-712A7FA2D594}.Debug|Any CPU.Build.0 = Debug|Any CPU
		{35342424-AE5A-4F75-B3D3-712A7FA2D594}.Release|Any CPU.ActiveCfg = Release|Any CPU
		{35342424-AE5A-4F75-B3D3-712A7FA2D594}.Release|Any CPU.Build.0 = Release|Any CPU
		{48078A6D-1D84-419D-B8FD-697506816935}.Debug|Any CPU.ActiveCfg = Debug|Any CPU
		{48078A6D-1D84-419D-B8FD-697506816935}.Debug|Any CPU.Build.0 = Debug|Any CPU
		{48078A6D-1D84-419D-B8FD-697506816935}.Release|Any CPU.ActiveCfg = Release|Any CPU
		{48078A6D-1D84-419D-B8FD-697506816935}.Release|Any CPU.Build.0 = Release|Any CPU
		{B53C64E4-7E8D-4A72-8A5E-3C990E4B2E2B}.Debug|Any CPU.ActiveCfg = Debug|Any CPU
		{B53C64E4-7E8D-4A72-8A5E-3C990E4B2E2B}.Debug|Any CPU.Build.0 = Debug|Any CPU
		{B53C64E4-7E8D-4A72-8A5E-3C990E4B2E2B}.Release|Any CPU.ActiveCfg = Release|Any CPU
		{B53C64E4-7E8D-4A72-8A5E-3C990E4B2E2B}.Release|Any CPU.Build.0 = Release|Any CPU
	EndGlobalSection
	GlobalSection(SolutionProperties) = preSolution
		HideSolutionNode = FALSE
	EndGlobalSection
	GlobalSection(ExtensibilityGlobals) = postSolution
		SolutionGuid = {2BB7C2BF-8AFA-4CC7-99A2-7BB2F14FBAAE}
	EndGlobalSection
EndGlobal
